
Microsoft Visual Studio Solution File, Format Version 12.00
# Visual Studio Version 16
VisualStudioVersion = 16.0.30309.148
MinimumVisualStudioVersion = 10.0.40219.1
Project("{FAE04EC0-301F-11D3-BF4B-00C04F79EFBC}") = "ShopBridge.API", "ShopBridge.API\ShopBridge.API.csproj", "{06D2409B-D4DD-46B2-A288-8FF4C0A1EFBF}"
EndProject
Project("{FAE04EC0-301F-11D3-BF4B-00C04F79EFBC}") = "ShopBridge.API.Core", "ShopBridge.API.Core\ShopBridge.API.Core.csproj", "{5BB00D73-B94A-43A8-B1A4-9B4293E16163}"
EndProject
Project("{FAE04EC0-301F-11D3-BF4B-00C04F79EFBC}") = "ShopBridge.API.Data", "ShopBridge.API.Data\ShopBridge.API.Data.csproj", "{CBDBEC43-8CCE-4FC5-89C6-465CBF20B661}"
EndProject
Project("{FAE04EC0-301F-11D3-BF4B-00C04F79EFBC}") = "ShopBridge.API.Services", "ShopBridge.API.Service\ShopBridge.API.Services.csproj", "{DFE84DA2-BDEB-4ACB-879E-13DE319CE607}"
EndProject
Project("{FAE04EC0-301F-11D3-BF4B-00C04F79EFBC}") = "ShopBridge.API.Tests", "ShopBridge.API.Tests\ShopBridge.API.Tests.csproj", "{8BBF9B73-9A9C-4D21-8B80-0C1BC22D8C7A}"
EndProject
Global
	GlobalSection(SolutionConfigurationPlatforms) = preSolution
		Debug|Any CPU = Debug|Any CPU
		Release|Any CPU = Release|Any CPU
	EndGlobalSection
	GlobalSection(ProjectConfigurationPlatforms) = postSolution
		{06D2409B-D4DD-46B2-A288-8FF4C0A1EFBF}.Debug|Any CPU.ActiveCfg = Debug|Any CPU
		{06D2409B-D4DD-46B2-A288-8FF4C0A1EFBF}.Debug|Any CPU.Build.0 = Debug|Any CPU
		{06D2409B-D4DD-46B2-A288-8FF4C0A1EFBF}.Release|Any CPU.ActiveCfg = Release|Any CPU
		{06D2409B-D4DD-46B2-A288-8FF4C0A1EFBF}.Release|Any CPU.Build.0 = Release|Any CPU
		{5BB00D73-B94A-43A8-B1A4-9B4293E16163}.Debug|Any CPU.ActiveCfg = Debug|Any CPU
		{5BB00D73-B94A-43A8-B1A4-9B4293E16163}.Debug|Any CPU.Build.0 = Debug|Any CPU
		{5BB00D73-B94A-43A8-B1A4-9B4293E16163}.Release|Any CPU.ActiveCfg = Release|Any CPU
		{5BB00D73-B94A-43A8-B1A4-9B4293E16163}.Release|Any CPU.Build.0 = Release|Any CPU
		{CBDBEC43-8CCE-4FC5-89C6-465CBF20B661}.Debug|Any CPU.ActiveCfg = Debug|Any CPU
		{CBDBEC43-8CCE-4FC5-89C6-465CBF20B661}.Debug|Any CPU.Build.0 = Debug|Any CPU
		{CBDBEC43-8CCE-4FC5-89C6-465CBF20B661}.Release|Any CPU.ActiveCfg = Release|Any CPU
		{CBDBEC43-8CCE-4FC5-89C6-465CBF20B661}.Release|Any CPU.Build.0 = Release|Any CPU
		{DFE84DA2-BDEB-4ACB-879E-13DE319CE607}.Debug|Any CPU.ActiveCfg = Debug|Any CPU
		{DFE84DA2-BDEB-4ACB-879E-13DE319CE607}.Debug|Any CPU.Build.0 = Debug|Any CPU
		{DFE84DA2-BDEB-4ACB-879E-13DE319CE607}.Release|Any CPU.ActiveCfg = Release|Any CPU
		{DFE84DA2-BDEB-4ACB-879E-13DE319CE607}.Release|Any CPU.Build.0 = Release|Any CPU
		{8BBF9B73-9A9C-4D21-8B80-0C1BC22D8C7A}.Debug|Any CPU.ActiveCfg = Debug|Any CPU
		{8BBF9B73-9A9C-4D21-8B80-0C1BC22D8C7A}.Debug|Any CPU.Build.0 = Debug|Any CPU
		{8BBF9B73-9A9C-4D21-8B80-0C1BC22D8C7A}.Release|Any CPU.ActiveCfg = Release|Any CPU
		{8BBF9B73-9A9C-4D21-8B80-0C1BC22D8C7A}.Release|Any CPU.Build.0 = Release|Any CPU
	EndGlobalSection
	GlobalSection(SolutionProperties) = preSolution
		HideSolutionNode = FALSE
	EndGlobalSection
	GlobalSection(ExtensibilityGlobals) = postSolution
		SolutionGuid = {A3DBC155-1AFC-4849-90A1-16D09050B35C}
	EndGlobalSection
EndGlobal
